
Microsoft Visual Studio Solution File, Format Version 12.00
# Visual Studio 15
Project("{FAE04EC0-301F-11D3-BF4B-00C04F79EFBC}") = "Taskier.Core", "Taskier.Core\Taskier.Core.csproj", "{1629F868-87BA-4A14-96AD-BAFBE1B422F9}"
EndProject
Project("{FAE04EC0-301F-11D3-BF4B-00C04F79EFBC}") = "Taskier.Domain", "Taskier.Domain\Taskier.Domain.csproj", "{A72DB512-E8BA-4716-A7BB-D9DF8CE65A23}"
EndProject
Project("{FAE04EC0-301F-11D3-BF4B-00C04F79EFBC}") = "Taskier.Data", "Taskier.Data\Taskier.Data.csproj", "{3625CACC-4C45-4B50-B3C4-4AE0F313014F}"
EndProject
Project("{FAE04EC0-301F-11D3-BF4B-00C04F79EFBC}") = "Taskier.Services", "Taskier.Services\Taskier.Services.csproj", "{4DE27169-BC25-4B06-86E9-0A575FF7CF6A}"
EndProject
Project("{FAE04EC0-301F-11D3-BF4B-00C04F79EFBC}") = "Taskier.Api", "Taskier.Api\Taskier.Api.csproj", "{70BD1F4A-5D72-4CEE-8991-3E9832CD060A}"
EndProject
Global
	GlobalSection(SolutionConfigurationPlatforms) = preSolution
		Debug|Any CPU = Debug|Any CPU
		Release|Any CPU = Release|Any CPU
	EndGlobalSection
	GlobalSection(ProjectConfigurationPlatforms) = postSolution
		{1629F868-87BA-4A14-96AD-BAFBE1B422F9}.Debug|Any CPU.ActiveCfg = Debug|Any CPU
		{1629F868-87BA-4A14-96AD-BAFBE1B422F9}.Debug|Any CPU.Build.0 = Debug|Any CPU
		{1629F868-87BA-4A14-96AD-BAFBE1B422F9}.Release|Any CPU.ActiveCfg = Release|Any CPU
		{1629F868-87BA-4A14-96AD-BAFBE1B422F9}.Release|Any CPU.Build.0 = Release|Any CPU
		{A72DB512-E8BA-4716-A7BB-D9DF8CE65A23}.Debug|Any CPU.ActiveCfg = Debug|Any CPU
		{A72DB512-E8BA-4716-A7BB-D9DF8CE65A23}.Debug|Any CPU.Build.0 = Debug|Any CPU
		{A72DB512-E8BA-4716-A7BB-D9DF8CE65A23}.Release|Any CPU.ActiveCfg = Release|Any CPU
		{A72DB512-E8BA-4716-A7BB-D9DF8CE65A23}.Release|Any CPU.Build.0 = Release|Any CPU
		{3625CACC-4C45-4B50-B3C4-4AE0F313014F}.Debug|Any CPU.ActiveCfg = Debug|Any CPU
		{3625CACC-4C45-4B50-B3C4-4AE0F313014F}.Debug|Any CPU.Build.0 = Debug|Any CPU
		{3625CACC-4C45-4B50-B3C4-4AE0F313014F}.Release|Any CPU.ActiveCfg = Release|Any CPU
		{3625CACC-4C45-4B50-B3C4-4AE0F313014F}.Release|Any CPU.Build.0 = Release|Any CPU
		{4DE27169-BC25-4B06-86E9-0A575FF7CF6A}.Debug|Any CPU.ActiveCfg = Debug|Any CPU
		{4DE27169-BC25-4B06-86E9-0A575FF7CF6A}.Debug|Any CPU.Build.0 = Debug|Any CPU
		{4DE27169-BC25-4B06-86E9-0A575FF7CF6A}.Release|Any CPU.ActiveCfg = Release|Any CPU
		{4DE27169-BC25-4B06-86E9-0A575FF7CF6A}.Release|Any CPU.Build.0 = Release|Any CPU
		{70BD1F4A-5D72-4CEE-8991-3E9832CD060A}.Debug|Any CPU.ActiveCfg = Debug|Any CPU
		{70BD1F4A-5D72-4CEE-8991-3E9832CD060A}.Debug|Any CPU.Build.0 = Debug|Any CPU
		{70BD1F4A-5D72-4CEE-8991-3E9832CD060A}.Release|Any CPU.ActiveCfg = Release|Any CPU
		{70BD1F4A-5D72-4CEE-8991-3E9832CD060A}.Release|Any CPU.Build.0 = Release|Any CPU
	EndGlobalSection
EndGlobal
